lockfileVersion: '9.0'

settings:
  autoInstallPeers: true
  excludeLinksFromLockfile: false

importers:

  .:
    dependencies:
      '@shopsphere/logger':
        specifier: ../logger
        version: link:../logger
      redis:
        specifier: ^5.9.0
        version: 5.9.0
    devDependencies:
      '@types/node':
        specifier: ^24.10.1
        version: 24.10.1
      typescript:
        specifier: ^5.9.3
        version: 5.9.3

packages:

  '@redis/bloom@5.9.0':
    resolution: {integrity: sha512-W9D8yfKTWl4tP8lkC3MRYkMz4OfbuzE/W8iObe0jFgoRmgMfkBV+Vj38gvIqZPImtY0WB34YZkX3amYuQebvRQ==}
    engines: {node: '>= 18'}
    peerDependencies:
      '@redis/client': ^5.9.0

  '@redis/client@5.9.0':
    resolution: {integrity: sha512-EI0Ti5pojD2p7TmcS7RRa+AJVahdQvP/urpcSbK/K9Rlk6+dwMJTQ354pCNGCwfke8x4yKr5+iH85wcERSkwLQ==}
    engines: {node: '>= 18'}

  '@redis/json@5.9.0':
    resolution: {integrity: sha512-Bm2jjLYaXdUWPb9RaEywxnjmzw7dWKDZI4MS79mTWPV16R982jVWBj6lY2ZGelJbwxHtEVg4/FSVgYDkuO/MxA==}
    engines: {node: '>= 18'}
    peerDependencies:
      '@redis/client': ^5.9.0

  '@redis/search@5.9.0':
    resolution: {integrity: sha512-jdk2csmJ29DlpvCIb2ySjix2co14/0iwIT3C0I+7ZaToXgPbgBMB+zfEilSuncI2F9JcVxHki0YtLA0xX3VdpA==}
    engines: {node: '>= 18'}
    peerDependencies:
      '@redis/client': ^5.9.0

  '@redis/time-series@5.9.0':
    resolution: {integrity: sha512-W6ILxcyOqhnI7ELKjJXOktIg3w4+aBHugDbVpgVLPZ+YDjObis1M0v7ZzwlpXhlpwsfePfipeSK+KWNuymk52w==}
    engines: {node: '>= 18'}
    peerDependencies:
      '@redis/client': ^5.9.0

  '@types/node@24.10.1':
    resolution: {integrity: sha512-GNWcUTRBgIRJD5zj+Tq0fKOJ5XZajIiBroOF0yvj2bSU1WvNdYS/dn9UxwsujGW4JX06dnHyjV2y9rRaybH0iQ==}

  cluster-key-slot@1.1.2:
    resolution: {integrity: sha512-RMr0FhtfXemyinomL4hrWcYJxmX6deFdCxpJzhDttxgO1+bcCnkk+9drydLVDmAMG7NE6aN/fl4F7ucU/90gAA==}
    engines: {node: '>=0.10.0'}

  redis@5.9.0:
    resolution: {integrity: sha512-E8dQVLSyH6UE/C9darFuwq4usOPrqfZ1864kI4RFbr5Oj9ioB9qPF0oJMwX7s8mf6sPYrz84x/Dx1PGF3/0EaQ==}
    engines: {node: '>= 18'}

  typescript@5.9.3:
    resolution: {integrity: sha512-jl1vZzPDinLr9eUt3J/t7V6FgNEw9QjvBPdysz9KfQDD41fQrC2Y4vKQdiaUpFT4bXlb1RHhLpp8wtm6M5TgSw==}
    engines: {node: '>=14.17'}
    hasBin: true

  undici-types@7.16.0:
    resolution: {integrity: sha512-Zz+aZWSj8LE6zoxD+xrjh4VfkIG8Ya6LvYkZqtUQGJPZjYl53ypCaUwWqo7eI0x66KBGeRo+mlBEkMSeSZ38Nw==}

snapshots:

  '@redis/bloom@5.9.0(@redis/client@5.9.0)':
    dependencies:
      '@redis/client': 5.9.0

  '@redis/client@5.9.0':
    dependencies:
      cluster-key-slot: 1.1.2

  '@redis/json@5.9.0(@redis/client@5.9.0)':
    dependencies:
      '@redis/client': 5.9.0

  '@redis/search@5.9.0(@redis/client@5.9.0)':
    dependencies:
      '@redis/client': 5.9.0

  '@redis/time-series@5.9.0(@redis/client@5.9.0)':
    dependencies:
      '@redis/client': 5.9.0

  '@types/node@24.10.1':
    dependencies:
      undici-types: 7.16.0

  cluster-key-slot@1.1.2: {}

  redis@5.9.0:
    dependencies:
      '@redis/bloom': 5.9.0(@redis/client@5.9.0)
      '@redis/client': 5.9.0
      '@redis/json': 5.9.0(@redis/client@5.9.0)
      '@redis/search': 5.9.0(@redis/client@5.9.0)
      '@redis/time-series': 5.9.0(@redis/client@5.9.0)

  typescript@5.9.3: {}

  undici-types@7.16.0: {}
